
Microsoft Visual Studio Solution File, Format Version 12.00
# Visual Studio Version 16
VisualStudioVersion = 16.0.32002.261
MinimumVisualStudioVersion = 10.0.40219.1
Project("{FAE04EC0-301F-11D3-BF4B-00C04F79EFBC}") = "Prog_Kursovaya_sem3", "Prog_Kursovaya_sem3.csproj", "{DE3DEB45-A053-4E17-AFDB-B906D7AA1AEE}"
EndProject
Global
	GlobalSection(SolutionConfigurationPlatforms) = preSolution
		Debug|Any CPU = Debug|Any CPU
		Release|Any CPU = Release|Any CPU
	EndGlobalSection
	GlobalSection(ProjectConfigurationPlatforms) = postSolution
		{DE3DEB45-A053-4E17-AFDB-B906D7AA1AEE}.Debug|Any CPU.ActiveCfg = Debug|Any CPU
		{DE3DEB45-A053-4E17-AFDB-B906D7AA1AEE}.Debug|Any CPU.Build.0 = Debug|Any CPU
		{DE3DEB45-A053-4E17-AFDB-B906D7AA1AEE}.Release|Any CPU.ActiveCfg = Release|Any CPU
		{DE3DEB45-A053-4E17-AFDB-B906D7AA1AEE}.Release|Any CPU.Build.0 = Release|Any CPU
	EndGlobalSection
	GlobalSection(SolutionProperties) = preSolution
		HideSolutionNode = FALSE
	EndGlobalSection
	GlobalSection(ExtensibilityGlobals) = postSolution
		SolutionGuid = {54663B6B-7D9A-473C-944D-03DA98247E43}
	EndGlobalSection
EndGlobal
